// !$*UTF8*$!
{
	archiveVersion = 1;
	classes = {
	};
	objectVersion = 46;
	objects = {

/* Begin PBXBuildFile section */
		2FA81B1A181C767700DC0A9F /* Foundation.framework in Frameworks */ = {isa = PBXBuildFile; fileRef = 2FA81B19181C767700DC0A9F /* Foundation.framework */; };
		2FA81B1C181C767700DC0A9F /* CoreGraphics.framework in Frameworks */ = {isa = PBXBuildFile; fileRef = 2FA81B1B181C767700DC0A9F /* CoreGraphics.framework */; };
		2FA81B1E181C767700DC0A9F /* UIKit.framework in Frameworks */ = {isa = PBXBuildFile; fileRef = 2FA81B1D181C767700DC0A9F /* UIKit.framework */; };
		2FA81B24181C767700DC0A9F /* InfoPlist.strings in Resources */ = {isa = PBXBuildFile; fileRef = 2FA81B22181C767700DC0A9F /* InfoPlist.strings */; };
		2FA81B26181C767700DC0A9F /* main.m in Sources */ = {isa = PBXBuildFile; fileRef = 2FA81B25181C767700DC0A9F /* main.m */; };
		2FA81B2A181C767700DC0A9F /* AppDelegate.m in Sources */ = {isa = PBXBuildFile; fileRef = 2FA81B29181C767700DC0A9F /* AppDelegate.m */; };
		2FA81B2D181C767700DC0A9F /* Main.storyboard in Resources */ = {isa = PBXBuildFile; fileRef = 2FA81B2B181C767700DC0A9F /* Main.storyboard */; };
		2FA81B30181C767700DC0A9F /* ViewController.m in Sources */ = {isa = PBXBuildFile; fileRef = 2FA81B2F181C767700DC0A9F /* ViewController.m */; };
		2FA81B32181C767700DC0A9F /* Images.xcassets in Resources */ = {isa = PBXBuildFile; fileRef = 2FA81B31181C767700DC0A9F /* Images.xcassets */; };
		2FA81B39181C767700DC0A9F /* XCTest.framework in Frameworks */ = {isa = PBXBuildFile; fileRef = 2FA81B38181C767700DC0A9F /* XCTest.framework */; };
		2FA81B3A181C767700DC0A9F /* Foundation.framework in Frameworks */ = {isa = PBXBuildFile; fileRef = 2FA81B19181C767700DC0A9F /* Foundation.framework */; };
		2FA81B3B181C767700DC0A9F /* UIKit.framework in Frameworks */ = {isa = PBXBuildFile; fileRef = 2FA81B1D181C767700DC0A9F /* UIKit.framework */; };
		2FA81B43181C767700DC0A9F /* InfoPlist.strings in Resources */ = {isa = PBXBuildFile; fileRef = 2FA81B41181C767700DC0A9F /* InfoPlist.strings */; };
		2FA81B45181C767700DC0A9F /* CameraStarterTests.m in Sources */ = {isa = PBXBuildFile; fileRef = 2FA81B44181C767700DC0A9F /* CameraStarterTests.m */; };
		2FA81B50181C769300DC0A9F /* Camera.m in Sources */ = {isa = PBXBuildFile; fileRef = 2FA81B4F181C769300DC0A9F /* Camera.m */; };
/* End PBXBuildFile section */

/* Begin PBXContainerItemProxy section */
		2FA81B3C181C767700DC0A9F /* PBXContainerItemProxy */ = {
			isa = PBXContainerItemProxy;
			containerPortal = 2FA81B0E181C767700DC0A9F /* Project object */;
			proxyType = 1;
			remoteGlobalIDString = 2FA81B15181C767700DC0A9F;
			remoteInfo = CameraStarter;
		};
/* End PBXContainerItemProxy section */

/* Begin PBXFileReference section */
		2FA81B16181C767700DC0A9F /* CameraStarter.app */ = {isa = PBXFileReference; explicitFileType = wrapper.application; includeInIndex = 0; path = CameraStarter.app; sourceTree = BUILT_PRODUCTS_DIR; };
		2FA81B19181C767700DC0A9F /* Foundation.framework */ = {isa = PBXFileReference; lastKnownFileType = wrapper.framework; name = Foundation.framework; path = System/Library/Frameworks/Foundation.framework; sourceTree = SDKROOT; };
		2FA81B1B181C767700DC0A9F /* CoreGraphics.framework */ = {isa = PBXFileReference; lastKnownFileType = wrapper.framework; name = CoreGraphics.framework; path = System/Library/Frameworks/CoreGraphics.framework; sourceTree = SDKROOT; };
		2FA81B1D181C767700DC0A9F /* UIKit.framework */ = {isa = PBXFileReference; lastKnownFileType = wrapper.framework; name = UIKit.framework; path = System/Library/Frameworks/UIKit.framework; sourceTree = SDKROOT; };
		2FA81B21181C767700DC0A9F /* CameraStarter-Info.plist */ = {isa = PBXFileReference; lastKnownFileType = text.plist.xml; path = "CameraStarter-Info.plist"; sourceTree = "<group>"; };
		2FA81B23181C767700DC0A9F /* en */ = {isa = PBXFileReference; lastKnownFileType = text.plist.strings; name = en; path = en.lproj/InfoPlist.strings; sourceTree = "<group>"; };
		2FA81B25181C767700DC0A9F /* main.m */ = {isa = PBXFileReference; lastKnownFileType = sourcecode.c.objc; path = main.m; sourceTree = "<group>"; };
		2FA81B27181C767700DC0A9F /* CameraStarter-Prefix.pch */ = {isa = PBXFileReference; lastKnownFileType = sourcecode.c.h; path = "CameraStarter-Prefix.pch"; sourceTree = "<group>"; };
		2FA81B28181C767700DC0A9F /* AppDelegate.h */ = {isa = PBXFileReference; lastKnownFileType = sourcecode.c.h; path = AppDelegate.h; sourceTree = "<group>"; };
		2FA81B29181C767700DC0A9F /* AppDelegate.m */ = {isa = PBXFileReference; lastKnownFileType = sourcecode.c.objc; path = AppDelegate.m; sourceTree = "<group>"; };
		2FA81B2C181C767700DC0A9F /* Base */ = {isa = PBXFileReference; lastKnownFileType = file.storyboard; name = Base; path = Base.lproj/Main.storyboard; sourceTree = "<group>"; };
		2FA81B2E181C767700DC0A9F /* ViewController.h */ = {isa = PBXFileReference; lastKnownFileType = sourcecode.c.h; path = ViewController.h; sourceTree = "<group>"; };
		2FA81B2F181C767700DC0A9F /* ViewController.m */ = {isa = PBXFileReference; lastKnownFileType = sourcecode.c.objc; path = ViewController.m; sourceTree = "<group>"; };
		2FA81B31181C767700DC0A9F /* Images.xcassets */ = {isa = PBXFileReference; lastKnownFileType = folder.assetcatalog; path = Images.xcassets; sourceTree = "<group>"; };
		2FA81B37181C767700DC0A9F /* CameraStarterTests.xctest */ = {isa = PBXFileReference; explicitFileType = wrapper.cfbundle; includeInIndex = 0; path = CameraStarterTests.xctest; sourceTree = BUILT_PRODUCTS_DIR; };
		2FA81B38181C767700DC0A9F /* XCTest.framework */ = {isa = PBXFileReference; lastKnownFileType = wrapper.framework; name = XCTest.framework; path = Library/Frameworks/XCTest.framework; sourceTree = DEVELOPER_DIR; };
		2FA81B40181C767700DC0A9F /* CameraStarterTests-Info.plist */ = {isa = PBXFileReference; lastKnownFileType = text.plist.xml; path = "CameraStarterTests-Info.plist"; sourceTree = "<group>"; };
		2FA81B42181C767700DC0A9F /* en */ = {isa = PBXFileReference; lastKnownFileType = text.plist.strings; name = en; path = en.lproj/InfoPlist.strings; sourceTree = "<group>"; };
		2FA81B44181C767700DC0A9F /* CameraStarterTests.m */ = {isa = PBXFileReference; lastKnownFileType = sourcecode.c.objc; path = CameraStarterTests.m; sourceTree = "<group>"; };
		2FA81B4E181C769300DC0A9F /* Camera.h */ = {isa = PBXFileReference; fileEncoding = 4; lastKnownFileType = sourcecode.c.h; path = Camera.h; sourceTree = "<group>"; };
		2FA81B4F181C769300DC0A9F /* Camera.m */ = {isa = PBXFileReference; fileEncoding = 4; lastKnownFileType = sourcecode.c.objc; path = Camera.m; sourceTree = "<group>"; };
/* End PBXFileReference section */

/* Begin PBXFrameworksBuildPhase section */
		2FA81B13181C767700DC0A9F /* Frameworks */ = {
			isa = PBXFrameworksBuildPhase;
			buildActionMask = 2147483647;
			files = (
				2FA81B1C181C767700DC0A9F /* CoreGraphics.framework in Frameworks */,
				2FA81B1E181C767700DC0A9F /* UIKit.framework in Frameworks */,
				2FA81B1A181C767700DC0A9F /* Foundation.framework in Frameworks */,
			);
			runOnlyForDeploymentPostprocessing = 0;
		};
		2FA81B34181C767700DC0A9F /* Frameworks */ = {
			isa = PBXFrameworksBuildPhase;
			buildActionMask = 2147483647;
			files = (
				2FA81B39181C767700DC0A9F /* XCTest.framework in Frameworks */,
				2FA81B3B181C767700DC0A9F /* UIKit.framework in Frameworks */,
				2FA81B3A181C767700DC0A9F /* Foundation.framework in Frameworks */,
			);
			runOnlyForDeploymentPostprocessing = 0;
		};
/* End PBXFrameworksBuildPhase section */

/* Begin PBXGroup section */
		2FA81B0D181C767700DC0A9F = {
			isa = PBXGroup;
			children = (
				2FA81B1F181C767700DC0A9F /* CameraStarter */,
				2FA81B3E181C767700DC0A9F /* CameraStarterTests */,
				2FA81B18181C767700DC0A9F /* Frameworks */,
				2FA81B17181C767700DC0A9F /* Products */,
			);
			sourceTree = "<group>";
		};
		2FA81B17181C767700DC0A9F /* Products */ = {
			isa = PBXGroup;
			children = (
				2FA81B16181C767700DC0A9F /* CameraStarter.app */,
				2FA81B37181C767700DC0A9F /* CameraStarterTests.xctest */,
			);
			name = Products;
			sourceTree = "<group>";
		};
		2FA81B18181C767700DC0A9F /* Frameworks */ = {
			isa = PBXGroup;
			children = (
				2FA81B19181C767700DC0A9F /* Foundation.framework */,
				2FA81B1B181C767700DC0A9F /* CoreGraphics.framework */,
				2FA81B1D181C767700DC0A9F /* UIKit.framework */,
				2FA81B38181C767700DC0A9F /* XCTest.framework */,
			);
			name = Frameworks;
			sourceTree = "<group>";
		};
		2FA81B1F181C767700DC0A9F /* CameraStarter */ = {
			isa = PBXGroup;
			children = (
				2FA81B2B181C767700DC0A9F /* Main.storyboard */,
				2FA81B2E181C767700DC0A9F /* ViewController.h */,
				2FA81B2F181C767700DC0A9F /* ViewController.m */,
				2FA81B4E181C769300DC0A9F /* Camera.h */,
				2FA81B4F181C769300DC0A9F /* Camera.m */,
				2FA81B31181C767700DC0A9F /* Images.xcassets */,
				2FA81B20181C767700DC0A9F /* Supporting Files */,
			);
			path = CameraStarter;
			sourceTree = "<group>";
		};
		2FA81B20181C767700DC0A9F /* Supporting Files */ = {
			isa = PBXGroup;
			children = (
				2FA81B28181C767700DC0A9F /* AppDelegate.h */,
				2FA81B29181C767700DC0A9F /* AppDelegate.m */,
				2FA81B21181C767700DC0A9F /* CameraStarter-Info.plist */,
				2FA81B22181C767700DC0A9F /* InfoPlist.strings */,
				2FA81B25181C767700DC0A9F /* main.m */,
				2FA81B27181C767700DC0A9F /* CameraStarter-Prefix.pch */,
			);
			name = "Supporting Files";
			sourceTree = "<group>";
		};
		2FA81B3E181C767700DC0A9F /* CameraStarterTests */ = {
			isa = PBXGroup;
			children = (
				2FA81B44181C767700DC0A9F /* CameraStarterTests.m */,
				2FA81B3F181C767700DC0A9F /* Supporting Files */,
			);
			path = CameraStarterTests;
			sourceTree = "<group>";
		};
		2FA81B3F181C767700DC0A9F /* Supporting Files */ = {
			isa = PBXGroup;
			children = (
				2FA81B40181C767700DC0A9F /* CameraStarterTests-Info.plist */,
				2FA81B41181C767700DC0A9F /* InfoPlist.strings */,
			);
			name = "Supporting Files";
			sourceTree = "<group>";
		};
/* End PBXGroup section */

/* Begin PBXNativeTarget section */
		2FA81B15181C767700DC0A9F /* CameraStarter */ = {
			isa = PBXNativeTarget;
			buildConfigurationList = 2FA81B48181C767700DC0A9F /* Build configuration list for PBXNativeTarget "CameraStarter" */;
			buildPhases = (
				2FA81B12181C767700DC0A9F /* Sources */,
				2FA81B13181C767700DC0A9F /* Frameworks */,
				2FA81B14181C767700DC0A9F /* Resources */,
			);
			buildRules = (
			);
			dependencies = (
			);
			name = CameraStarter;
			productName = CameraStarter;
			productReference = 2FA81B16181C767700DC0A9F /* CameraStarter.app */;
			productType = "com.apple.product-type.application";
		};
		2FA81B36181C767700DC0A9F /* CameraStarterTests */ = {
			isa = PBXNativeTarget;
			buildConfigurationList = 2FA81B4B181C767700DC0A9F /* Build configuration list for PBXNativeTarget "CameraStarterTests" */;
			buildPhases = (
				2FA81B33181C767700DC0A9F /* Sources */,
				2FA81B34181C767700DC0A9F /* Frameworks */,
				2FA81B35181C767700DC0A9F /* Resources */,
			);
			buildRules = (
			);
			dependencies = (
				2FA81B3D181C767700DC0A9F /* PBXTargetDependency */,
			);
			name = CameraStarterTests;
			productName = CameraStarterTests;
			productReference = 2FA81B37181C767700DC0A9F /* CameraStarterTests.xctest */;
			productType = "com.apple.product-type.bundle.unit-test";
		};
/* End PBXNativeTarget section */

/* Begin PBXProject section */
		2FA81B0E181C767700DC0A9F /* Project object */ = {
			isa = PBXProject;
			attributes = {
				LastUpgradeCheck = 0500;
				ORGANIZATIONNAME = "Columbia University";
				TargetAttributes = {
					2FA81B36181C767700DC0A9F = {
						TestTargetID = 2FA81B15181C767700DC0A9F;
					};
				};
			};
			buildConfigurationList = 2FA81B11181C767700DC0A9F /* Build configuration list for PBXProject "CameraStarter" */;
			compatibilityVersion = "Xcode 3.2";
			developmentRegion = English;
			hasScannedForEncodings = 0;
			knownRegions = (
				en,
				Base,
			);
			mainGroup = 2FA81B0D181C767700DC0A9F;
			productRefGroup = 2FA81B17181C767700DC0A9F /* Products */;
			projectDirPath = "";
			projectRoot = "";
			targets = (
				2FA81B15181C767700DC0A9F /* CameraStarter */,
				2FA81B36181C767700DC0A9F /* CameraStarterTests */,
			);
		};
/* End PBXProject section */

/* Begin PBXResourcesBuildPhase section */
		2FA81B14181C767700DC0A9F /* Resources */ = {
			isa = PBXResourcesBuildPhase;
			buildActionMask = 2147483647;
			files = (
				2FA81B32181C767700DC0A9F /* Images.xcassets in Resources */,
				2FA81B24181C767700DC0A9F /* InfoPlist.strings in Resources */,
				2FA81B2D181C767700DC0A9F /* Main.storyboard in Resources */,
			);
			runOnlyForDeploymentPostprocessing = 0;
		};
		2FA81B35181C767700DC0A9F /* Resources */ = {
			isa = PBXResourcesBuildPhase;
			buildActionMask = 2147483647;
			files = (
				2FA81B43181C767700DC0A9F /* InfoPlist.strings in Resources */,
			);
			runOnlyForDeploymentPostprocessing = 0;
		};
/* End PBXResourcesBuildPhase section */

/* Begin PBXSourcesBuildPhase section */
		2FA81B12181C767700DC0A9F /* Sources */ = {
			isa = PBXSourcesBuildPhase;
			buildActionMask = 2147483647;
			files = (
				2FA81B50181C769300DC0A9F /* Camera.m in Sources */,
				2FA81B30181C767700DC0A9F /* ViewController.m in Sources */,
				2FA81B2A181C767700DC0A9F /* AppDelegate.m in Sources */,
				2FA81B26181C767700DC0A9F /* main.m in Sources */,
			);
			runOnlyForDeploymentPostprocessing = 0;
		};
		2FA81B33181C767700DC0A9F /* Sources */ = {
			isa = PBXSourcesBuildPhase;
			buildActionMask = 2147483647;
			files = (
				2FA81B45181C767700DC0A9F /* CameraStarterTests.m in Sources */,
			);
			runOnlyForDeploymentPostprocessing = 0;
		};
/* End PBXSourcesBuildPhase section */

/* Begin PBXTargetDependency section */
		2FA81B3D181C767700DC0A9F /* PBXTargetDependency */ = {
			isa = PBXTargetDependency;
			target = 2FA81B15181C767700DC0A9F /* CameraStarter */;
			targetProxy = 2FA81B3C181C767700DC0A9F /* PBXContainerItemProxy */;
		};
/* End PBXTargetDependency section */

/* Begin PBXVariantGroup section */
		2FA81B22181C767700DC0A9F /* InfoPlist.strings */ = {
			isa = PBXVariantGroup;
			children = (
				2FA81B23181C767700DC0A9F /* en */,
			);
			name = InfoPlist.strings;
			sourceTree = "<group>";
		};
		2FA81B2B181C767700DC0A9F /* Main.storyboard */ = {
			isa = PBXVariantGroup;
			children = (
				2FA81B2C181C767700DC0A9F /* Base */,
			);
			name = Main.storyboard;
			sourceTree = "<group>";
		};
		2FA81B41181C767700DC0A9F /* InfoPlist.strings */ = {
			isa = PBXVariantGroup;
			children = (
				2FA81B42181C767700DC0A9F /* en */,
			);
			name = InfoPlist.strings;
			sourceTree = "<group>";
		};
/* End PBXVariantGroup section */

/* Begin XCBuildConfiguration section */
		2FA81B46181C767700DC0A9F /* Debug */ = {
			isa = XCBuildConfiguration;
			buildSettings = {
				ALWAYS_SEARCH_USER_PATHS = NO;
				ARCHS = "$(ARCHS_STANDARD_INCLUDING_64_BIT)";
				CLANG_CXX_LANGUAGE_STANDARD = "gnu++0x";
				CLANG_CXX_LIBRARY = "libc++";
				CLANG_ENABLE_MODULES = YES;
				CLANG_ENABLE_OBJC_ARC = YES;
				CLANG_WARN_BOOL_CONVERSION = YES;
				CLANG_WARN_CONSTANT_CONVERSION = YES;
				CLANG_WARN_DIRECT_OBJC_ISA_USAGE = YES_ERROR;
				CLANG_WARN_EMPTY_BODY = YES;
				CLANG_WARN_ENUM_CONVERSION = YES;
				CLANG_WARN_INT_CONVERSION = YES;
				CLANG_WARN_OBJC_ROOT_CLASS = YES_ERROR;
				CLANG_WARN__DUPLICATE_METHOD_MATCH = YES;
				"CODE_SIGN_IDENTITY[sdk=iphoneos*]" = "iPhone Developer";
				COPY_PHASE_STRIP = NO;
				GCC_C_LANGUAGE_STANDARD = gnu99;
				GCC_DYNAMIC_NO_PIC = NO;
				GCC_OPTIMIZATION_LEVEL = 0;
				GCC_PREPROCESSOR_DEFINITIONS = (
					"DEBUG=1",
					"$(inherited)",
				);
				GCC_SYMBOLS_PRIVATE_EXTERN = NO;
				GCC_WARN_64_TO_32_BIT_CONVERSION = YES;
				GCC_WARN_ABOUT_RETURN_TYPE = YES_ERROR;
				GCC_WARN_UNDECLARED_SELECTOR = YES;
				GCC_WARN_UNINITIALIZED_AUTOS = YES;
				GCC_WARN_UNUSED_FUNCTION = YES;
				GCC_WARN_UNUSED_VARIABLE = YES;
				IPHONEOS_DEPLOYMENT_TARGET = 7.0;
				ONLY_ACTIVE_ARCH = YES;
				SDKROOT = iphoneos;
			};
			name = Debug;
		};
		2FA81B47181C767700DC0A9F /* Release */ = {
			isa = XCBuildConfiguration;
			buildSettings = {
				ALWAYS_SEARCH_USER_PATHS = NO;
				ARCHS = "$(ARCHS_STANDARD_INCLUDING_64_BIT)";
				CLANG_CXX_LANGUAGE_STANDARD = "gnu++0x";
				CLANG_CXX_LIBRARY = "libc++";
				CLANG_ENABLE_MODULES = YES;
				CLANG_ENABLE_OBJC_ARC = YES;
				CLANG_WARN_BOOL_CONVERSION = YES;
				CLANG_WARN_CONSTANT_CONVERSION = YES;
				CLANG_WARN_DIRECT_OBJC_ISA_USAGE = YES_ERROR;
				CLANG_WARN_EMPTY_BODY = YES;
				CLANG_WARN_ENUM_CONVERSION = YES;
				CLANG_WARN_INT_CONVERSION = YES;
				CLANG_WARN_OBJC_ROOT_CLASS = YES_ERROR;
				CLANG_WARN__DUPLICATE_METHOD_MATCH = YES;
				"CODE_SIGN_IDENTITY[sdk=iphoneos*]" = "iPhone Developer";
				COPY_PHASE_STRIP = YES;
				ENABLE_NS_ASSERTIONS = NO;
				GCC_C_LANGUAGE_STANDARD = gnu99;
				GCC_WARN_64_TO_32_BIT_CONVERSION = YES;
				GCC_WARN_ABOUT_RETURN_TYPE = YES_ERROR;
				GCC_WARN_UNDECLARED_SELECTOR = YES;
				GCC_WARN_UNINITIALIZED_AUTOS = YES;
				GCC_WARN_UNUSED_FUNCTION = YES;
				GCC_WARN_UNUSED_VARIABLE = YES;
				IPHONEOS_DEPLOYMENT_TARGET = 7.0;
				SDKROOT = iphoneos;
				VALIDATE_PRODUCT = YES;
			};
			name = Release;
		};
		2FA81B49181C767700DC0A9F /* Debug */ = {
			isa = XCBuildConfiguration;
			buildSettings = {
				ASSETCATALOG_COMPILER_APPICON_NAME = AppIcon;
				ASSETCATALOG_COMPILER_LAUNCHIMAGE_NAME = LaunchImage;
				GCC_PRECOMPILE_PREFIX_HEADER = YES;
				GCC_PREFIX_HEADER = "CameraStarter/CameraStarter-Prefix.pch";
				INFOPLIST_FILE = "CameraStarter/CameraStarter-Info.plist";
				PRODUCT_NAME = "$(TARGET_NAME)";
				WRAPPER_EXTENSION = app;
			};
			name = Debug;
		};
		2FA81B4A181C767700DC0A9F /* Release */ = {
			isa = XCBuildConfiguration;
			buildSettings = {
				ASSETCATALOG_COMPILER_APPICON_NAME = AppIcon;
				ASSETCATALOG_COMPILER_LAUNCHIMAGE_NAME = LaunchImage;
				GCC_PRECOMPILE_PREFIX_HEADER = YES;
				GCC_PREFIX_HEADER = "CameraStarter/CameraStarter-Prefix.pch";
				INFOPLIST_FILE = "CameraStarter/CameraStarter-Info.plist";
				PRODUCT_NAME = "$(TARGET_NAME)";
				WRAPPER_EXTENSION = app;
			};
			name = Release;
		};
		2FA81B4C181C767700DC0A9F /* Debug */ = {
			isa = XCBuildConfiguration;
			buildSettings = {
				ARCHS = "$(ARCHS_STANDARD_INCLUDING_64_BIT)";
				BUNDLE_LOADER = "$(BUILT_PRODUCTS_DIR)/CameraStarter.app/CameraStarter";
				FRAMEWORK_SEARCH_PATHS = (
					"$(SDKROOT)/Developer/Library/Frameworks",
					"$(inherited)",
					"$(DEVELOPER_FRAMEWORKS_DIR)",
				);
				GCC_PRECOMPILE_PREFIX_HEADER = YES;
				GCC_PREFIX_HEADER = "CameraStarter/CameraStarter-Prefix.pch";
				GCC_PREPROCESSOR_DEFINITIONS = (
					"DEBUG=1",
					"$(inherited)",
				);
				INFOPLIST_FILE = "CameraStarterTests/CameraStarterTests-Info.plist";
				PRODUCT_NAME = "$(TARGET_NAME)";
				TEST_HOST = "$(BUNDLE_LOADER)";
				WRAPPER_EXTENSION = xctest;
			};
			name = Debug;
		};
		2FA81B4D181C767700DC0A9F /* Release */ = {
			isa = XCBuildConfiguration;
			buildSettings = {
				ARCHS = "$(ARCHS_STANDARD_INCLUDING_64_BIT)";
				BUNDLE_LOADER = "$(BUILT_PRODUCTS_DIR)/CameraStarter.app/CameraStarter";
				FRAMEWORK_SEARCH_PATHS = (
					"$(SDKROOT)/Developer/Library/Frameworks",
					"$(inherited)",
					"$(DEVELOPER_FRAMEWORKS_DIR)",
				);
				GCC_PRECOMPILE_PREFIX_HEADER = YES;
				GCC_PREFIX_HEADER = "CameraStarter/CameraStarter-Prefix.pch";
				INFOPLIST_FILE = "CameraStarterTests/CameraStarterTests-Info.plist";
				PRODUCT_NAME = "$(TARGET_NAME)";
				TEST_HOST = "$(BUNDLE_LOADER)";
				WRAPPER_EXTENSION = xctest;
			};
			name = Release;
		};
/* End XCBuildConfiguration section */

/* Begin XCConfigurationList section */
		2FA81B11181C767700DC0A9F /* Build configuration list for PBXProject "CameraStarter" */ = {
			isa = XCConfigurationList;
			buildConfigurations = (
				2FA81B46181C767700DC0A9F /* Debug */,
				2FA81B47181C767700DC0A9F /* Release */,
			);
			defaultConfigurationIsVisible = 0;
			defaultConfigurationName = Release;
		};
		2FA81B48181C767700DC0A9F /* Build configuration list for PBXNativeTarget "CameraStarter" */ = {
			isa = XCConfigurationList;
			buildConfigurations = (
				2FA81B49181C767700DC0A9F /* Debug */,
				2FA81B4A181C767700DC0A9F /* Release */,
			);
			defaultConfigurationIsVisible = 0;
		};
		2FA81B4B181C767700DC0A9F /* Build configuration list for PBXNativeTarget "CameraStarterTests" */ = {
			isa = XCConfigurationList;
			buildConfigurations = (
				2FA81B4C181C767700DC0A9F /* Debug */,
				2FA81B4D181C767700DC0A9F /* Release */,
			);
			defaultConfigurationIsVisible = 0;
		};
/* End XCConfigurationList section */
	};
	rootObject = 2FA81B0E181C767700DC0A9F /* Project object */;
}
